
Microsoft Visual Studio Solution File, Format Version 12.00
# Visual Studio Version 16
VisualStudioVersion = 16.0.30804.86
MinimumVisualStudioVersion = 10.0.40219.1
Project("{FAE04EC0-301F-11D3-BF4B-00C04F79EFBC}") = "WordRacer", "WordRacer\WordRacer.csproj", "{32376CD2-1956-49EC-AE0E-696457F0D258}"
EndProject
Global
	GlobalSection(SolutionConfigurationPlatforms) = preSolution
		Debug|Any CPU = Debug|Any CPU
		Release|Any CPU = Release|Any CPU
	EndGlobalSection
	GlobalSection(ProjectConfigurationPlatforms) = postSolution
		{32376CD2-1956-49EC-AE0E-696457F0D258}.Debug|Any CPU.ActiveCfg = Debug|Any CPU
		{32376CD2-1956-49EC-AE0E-696457F0D258}.Debug|Any CPU.Build.0 = Debug|Any CPU
		{32376CD2-1956-49EC-AE0E-696457F0D258}.Release|Any CPU.ActiveCfg = Release|Any CPU
		{32376CD2-1956-49EC-AE0E-696457F0D258}.Release|Any CPU.Build.0 = Release|Any CPU
	EndGlobalSection
	GlobalSection(SolutionProperties) = preSolution
		HideSolutionNode = FALSE
	EndGlobalSection
	GlobalSection(ExtensibilityGlobals) = postSolution
		SolutionGuid = {B611580C-F8B1-4862-8DD7-E8005A6466CC}
	EndGlobalSection
EndGlobal
